// !$*UTF8*$!
{
	archiveVersion = 1;
	classes = {
	};
	objectVersion = 50;
	objects = {

/* Begin PBXBuildFile section */
		9408B4F92265FDEE00172B0E /* Logger.swift in Sources */ = {isa = PBXBuildFile; fileRef = 9408B4F82265FDEE00172B0E /* Logger.swift */; };
		9408B4FA2265FDF600172B0E /* Logger.swift in Sources */ = {isa = PBXBuildFile; fileRef = 9408B4F82265FDEE00172B0E /* Logger.swift */; };
		9415A26F22639445007D2F82 /* FavoriteListVC.swift in Sources */ = {isa = PBXBuildFile; fileRef = 9415A26E22639445007D2F82 /* FavoriteListVC.swift */; };
		942D426E2261262B006AF281 /* UserDefaultsKeys.swift in Sources */ = {isa = PBXBuildFile; fileRef = 942D426D2261262B006AF281 /* UserDefaultsKeys.swift */; };
		942D4272226149B2006AF281 /* CategoryCVCell.swift in Sources */ = {isa = PBXBuildFile; fileRef = 942D4271226149B2006AF281 /* CategoryCVCell.swift */; };
		942D427422614A31006AF281 /* GameListVC.swift in Sources */ = {isa = PBXBuildFile; fileRef = 942D427322614A31006AF281 /* GameListVC.swift */; };
		942D427622614B17006AF281 /* CategoriesService.swift in Sources */ = {isa = PBXBuildFile; fileRef = 942D427522614B17006AF281 /* CategoriesService.swift */; };
		94336FEF21866392000E8491 /* ClassicStreamCVCell.swift in Sources */ = {isa = PBXBuildFile; fileRef = 94336FEE21866392000E8491 /* ClassicStreamCVCell.swift */; };
		9439C396225FEF02001E55EB /* StreamCVCell.swift in Sources */ = {isa = PBXBuildFile; fileRef = 9439C395225FEF02001E55EB /* StreamCVCell.swift */; };
		94418EEF224D0210007614DD /* GoodGame.swift in Sources */ = {isa = PBXBuildFile; fileRef = 94418EEE224D0210007614DD /* GoodGame.swift */; };
		94418EF6224D0951007614DD /* StreamsService.swift in Sources */ = {isa = PBXBuildFile; fileRef = 94418EF5224D0951007614DD /* StreamsService.swift */; };
		94560CF922620774008EE0B1 /* StreamListHeaderReusableView.swift in Sources */ = {isa = PBXBuildFile; fileRef = 94560CF722620774008EE0B1 /* StreamListHeaderReusableView.swift */; };
		94560CFA22620774008EE0B1 /* StreamListHeaderReusableView.xib in Resources */ = {isa = PBXBuildFile; fileRef = 94560CF822620774008EE0B1 /* StreamListHeaderReusableView.xib */; };
		94560CFE22621299008EE0B1 /* ItemListVC.swift in Sources */ = {isa = PBXBuildFile; fileRef = 94560CFC22621299008EE0B1 /* ItemListVC.swift */; };
		94560CFF22621299008EE0B1 /* ItemListVC.xib in Resources */ = {isa = PBXBuildFile; fileRef = 94560CFD22621299008EE0B1 /* ItemListVC.xib */; };
		94560D0422621BAE008EE0B1 /* StreamCVCell.xib in Resources */ = {isa = PBXBuildFile; fileRef = 94560D0222621BAE008EE0B1 /* StreamCVCell.xib */; };
		94560D0A22621C77008EE0B1 /* CategoryCVCell.xib in Resources */ = {isa = PBXBuildFile; fileRef = 94560D0822621C77008EE0B1 /* CategoryCVCell.xib */; };
		94560D0C22621D38008EE0B1 /* GenreListVC.swift in Sources */ = {isa = PBXBuildFile; fileRef = 94560D0B22621D38008EE0B1 /* GenreListVC.swift */; };
		94560D0E2262229A008EE0B1 /* CatergoryListVC.swift in Sources */ = {isa = PBXBuildFile; fileRef = 94560D0D2262229A008EE0B1 /* CatergoryListVC.swift */; };
		94560D1922624123008EE0B1 /* FailableDecodable.swift in Sources */ = {isa = PBXBuildFile; fileRef = 94560D1822624123008EE0B1 /* FailableDecodable.swift */; };
		946ECECE2266749C001E44ED /* StreamSource.swift in Sources */ = {isa = PBXBuildFile; fileRef = 946ECECD2266749C001E44ED /* StreamSource.swift */; };
		946ECECF226674A0001E44ED /* StreamSource.swift in Sources */ = {isa = PBXBuildFile; fileRef = 946ECECD2266749C001E44ED /* StreamSource.swift */; };
		946ECED1226675B6001E44ED /* SettingsService.swift in Sources */ = {isa = PBXBuildFile; fileRef = 946ECED0226675B6001E44ED /* SettingsService.swift */; };
		946ECED7226683E9001E44ED /* Localizable.strings in Resources */ = {isa = PBXBuildFile; fileRef = 946ECED9226683E9001E44ED /* Localizable.strings */; };
		946ECEDB22668609001E44ED /* Localizable.strings in Resources */ = {isa = PBXBuildFile; fileRef = 946ECED9226683E9001E44ED /* Localizable.strings */; };
		949330EB2182707100B29B0D /* AppDelegate.swift in Sources */ = {isa = PBXBuildFile; fileRef = 949330EA2182707100B29B0D /* AppDelegate.swift */; };
		949330ED2182707100B29B0D /* StreamListVC.swift in Sources */ = {isa = PBXBuildFile; fileRef = 949330EC2182707100B29B0D /* StreamListVC.swift */; };
		949330F02182707100B29B0D /* Main.storyboard in Resources */ = {isa = PBXBuildFile; fileRef = 949330EE2182707100B29B0D /* Main.storyboard */; };
		949330F22182707200B29B0D /* Assets.xcassets in Resources */ = {isa = PBXBuildFile; fileRef = 949330F12182707200B29B0D /* Assets.xcassets */; };
		949E9F92225D2F0A00E6182E /* Stream.swift in Sources */ = {isa = PBXBuildFile; fileRef = 949E9F91225D2F0A00E6182E /* Stream.swift */; };
		949E9F94225D311900E6182E /* Stream+GoodGame.swift in Sources */ = {isa = PBXBuildFile; fileRef = 949E9F93225D311900E6182E /* Stream+GoodGame.swift */; };
		94B60B9F225CB7F20099A4DA /* StreamVC.swift in Sources */ = {isa = PBXBuildFile; fileRef = 94B60B9E225CB7F20099A4DA /* StreamVC.swift */; };
		94B60BC2225D09FC0099A4DA /* BaseAPIService.swift in Sources */ = {isa = PBXBuildFile; fileRef = 94B60BC1225D09FC0099A4DA /* BaseAPIService.swift */; };
		94B60BC4225D0BF60099A4DA /* APIConstants.swift in Sources */ = {isa = PBXBuildFile; fileRef = 94B60BC3225D0BF60099A4DA /* APIConstants.swift */; };
		94B60BC6225D0E0C0099A4DA /* APIServiceError.swift in Sources */ = {isa = PBXBuildFile; fileRef = 94B60BC5225D0E0C0099A4DA /* APIServiceError.swift */; };
		94D4CA682263EA45004BE0E7 /* AppAppearance.swift in Sources */ = {isa = PBXBuildFile; fileRef = 94D4CA672263EA45004BE0E7 /* AppAppearance.swift */; };
		94D7E7422263BE5C00A7784A /* BaseCollectionVC.swift in Sources */ = {isa = PBXBuildFile; fileRef = 94D7E7412263BE5C00A7784A /* BaseCollectionVC.swift */; };
		94D7E7452263C8FF00A7784A /* StreamerCVCell.xib in Resources */ = {isa = PBXBuildFile; fileRef = 94D7E7432263C8FF00A7784A /* StreamerCVCell.xib */; };
		94D7E7462263C8FF00A7784A /* StreamerCVCell.swift in Sources */ = {isa = PBXBuildFile; fileRef = 94D7E7442263C8FF00A7784A /* StreamerCVCell.swift */; };
		94D7E7492263D06200A7784A /* TitleHeaderReusableView.xib in Resources */ = {isa = PBXBuildFile; fileRef = 94D7E7472263D06200A7784A /* TitleHeaderReusableView.xib */; };
		94D7E74A2263D06200A7784A /* TitleHeaderReusableView.swift in Sources */ = {isa = PBXBuildFile; fileRef = 94D7E7482263D06200A7784A /* TitleHeaderReusableView.swift */; };
		94D83C27225E94620014C5A3 /* StreamQuality.swift in Sources */ = {isa = PBXBuildFile; fileRef = 94D83C26225E94620014C5A3 /* StreamQuality.swift */; };
		94D83C29225F46DB0014C5A3 /* FavoritesService.swift in Sources */ = {isa = PBXBuildFile; fileRef = 94D83C28225F46DB0014C5A3 /* FavoritesService.swift */; };
		94EB7686225DEECB00297DCD /* PlayerView.swift in Sources */ = {isa = PBXBuildFile; fileRef = 94EB7685225DEECB00297DCD /* PlayerView.swift */; };
		94EB768C225DF04C00297DCD /* VCFactory.swift in Sources */ = {isa = PBXBuildFile; fileRef = 94EB768B225DF04C00297DCD /* VCFactory.swift */; };
		94EB768E225DF1EB00297DCD /* SharedComponents.swift in Sources */ = {isa = PBXBuildFile; fileRef = 94EB768D225DF1EB00297DCD /* SharedComponents.swift */; };
		94EB7690225E1BCC00297DCD /* PlayerControlButton.swift in Sources */ = {isa = PBXBuildFile; fileRef = 94EB768F225E1BCC00297DCD /* PlayerControlButton.swift */; };
		94F07D7322651B0600601036 /* TVServices.framework in Frameworks */ = {isa = PBXBuildFile; fileRef = 94F07D7222651B0600601036 /* TVServices.framework */; };
		94F07D7622651B0600601036 /* ServiceProvider.swift in Sources */ = {isa = PBXBuildFile; fileRef = 94F07D7522651B0600601036 /* ServiceProvider.swift */; };
		94F07D7A22651B0600601036 /* TopShelf.appex in Embed App Extensions */ = {isa = PBXBuildFile; fileRef = 94F07D7122651B0600601036 /* TopShelf.appex */; settings = {ATTRIBUTES = (RemoveHeadersOnCopy, ); }; };
		94F07D7F2265373A00601036 /* FavoritesService.swift in Sources */ = {isa = PBXBuildFile; fileRef = 94D83C28225F46DB0014C5A3 /* FavoritesService.swift */; };
		94F07D802265375200601036 /* StreamsService.swift in Sources */ = {isa = PBXBuildFile; fileRef = 94418EF5224D0951007614DD /* StreamsService.swift */; };
		94F07D812265377C00601036 /* APIConstants.swift in Sources */ = {isa = PBXBuildFile; fileRef = 94B60BC3225D0BF60099A4DA /* APIConstants.swift */; };
		94F07D822265377C00601036 /* APIServiceError.swift in Sources */ = {isa = PBXBuildFile; fileRef = 94B60BC5225D0E0C0099A4DA /* APIServiceError.swift */; };
		94F07D832265377C00601036 /* BaseAPIService.swift in Sources */ = {isa = PBXBuildFile; fileRef = 94B60BC1225D09FC0099A4DA /* BaseAPIService.swift */; };
		94F07D842265378C00601036 /* Stream.swift in Sources */ = {isa = PBXBuildFile; fileRef = 949E9F91225D2F0A00E6182E /* Stream.swift */; };
		94F07D852265378C00601036 /* GoodGame.swift in Sources */ = {isa = PBXBuildFile; fileRef = 94418EEE224D0210007614DD /* GoodGame.swift */; };
		94F07D862265378C00601036 /* Stream+GoodGame.swift in Sources */ = {isa = PBXBuildFile; fileRef = 949E9F93225D311900E6182E /* Stream+GoodGame.swift */; };
		94F07D872265378C00601036 /* StreamQuality.swift in Sources */ = {isa = PBXBuildFile; fileRef = 94D83C26225E94620014C5A3 /* StreamQuality.swift */; };
		94F07D882265379900601036 /* FailableDecodable.swift in Sources */ = {isa = PBXBuildFile; fileRef = 94560D1822624123008EE0B1 /* FailableDecodable.swift */; };
		94F07D89226537B500601036 /* UserDefaultsKeys.swift in Sources */ = {isa = PBXBuildFile; fileRef = 942D426D2261262B006AF281 /* UserDefaultsKeys.swift */; };
		A4895CD43B8A98EBE93CF4D3 /* Pods_MSGG.framework in Frameworks */ = {isa = PBXBuildFile; fileRef = E5932B0EA0D85ED4B3980DD7 /* Pods_MSGG.framework */; };
/* End PBXBuildFile section */

/* Begin PBXContainerItemProxy section */
		94F07D7822651B0600601036 /* PBXContainerItemProxy */ = {
			isa = PBXContainerItemProxy;
			containerPortal = 949330DF2182707100B29B0D /* Project object */;
			proxyType = 1;
			remoteGlobalIDString = 94F07D7022651B0600601036;
			remoteInfo = TopShelf;
		};
/* End PBXContainerItemProxy section */

/* Begin PBXCopyFilesBuildPhase section */
		94F07D7E22651B0600601036 /* Embed App Extensions */ = {
			isa = PBXCopyFilesBuildPhase;
			buildActionMask = 2147483647;
			dstPath = "";
			dstSubfolderSpec = 13;
			files = (
				94F07D7A22651B0600601036 /* TopShelf.appex in Embed App Extensions */,
			);
			name = "Embed App Extensions";
			runOnlyForDeploymentPostprocessing = 0;
		};
/* End PBXCopyFilesBuildPhase section */

/* Begin PBXFileReference section */
		9408B4F82265FDEE00172B0E /* Logger.swift */ = {isa = PBXFileReference; lastKnownFileType = sourcecode.swift; path = Logger.swift; sourceTree = "<group>"; };
		9415A26E22639445007D2F82 /* FavoriteListVC.swift */ = {isa = PBXFileReference; lastKnownFileType = sourcecode.swift; path = FavoriteListVC.swift; sourceTree = "<group>"; };
		942D426D2261262B006AF281 /* UserDefaultsKeys.swift */ = {isa = PBXFileReference; lastKnownFileType = sourcecode.swift; path = UserDefaultsKeys.swift; sourceTree = "<group>"; };
		942D4271226149B2006AF281 /* CategoryCVCell.swift */ = {isa = PBXFileReference; lastKnownFileType = sourcecode.swift; path = CategoryCVCell.swift; sourceTree = "<group>"; };
		942D427322614A31006AF281 /* GameListVC.swift */ = {isa = PBXFileReference; lastKnownFileType = sourcecode.swift; path = GameListVC.swift; sourceTree = "<group>"; };
		942D427522614B17006AF281 /* CategoriesService.swift */ = {isa = PBXFileReference; lastKnownFileType = sourcecode.swift; path = CategoriesService.swift; sourceTree = "<group>"; };
		94336FEE21866392000E8491 /* ClassicStreamCVCell.swift */ = {isa = PBXFileReference; lastKnownFileType = sourcecode.swift; path = ClassicStreamCVCell.swift; sourceTree = "<group>"; };
		9439C395225FEF02001E55EB /* StreamCVCell.swift */ = {isa = PBXFileReference; lastKnownFileType = sourcecode.swift; path = StreamCVCell.swift; sourceTree = "<group>"; };
		94418EEE224D0210007614DD /* GoodGame.swift */ = {isa = PBXFileReference; lastKnownFileType = sourcecode.swift; path = GoodGame.swift; sourceTree = "<group>"; };
		94418EF5224D0951007614DD /* StreamsService.swift */ = {isa = PBXFileReference; lastKnownFileType = sourcecode.swift; path = StreamsService.swift; sourceTree = "<group>"; };
		94560CF722620774008EE0B1 /* StreamListHeaderReusableView.swift */ = {isa = PBXFileReference; lastKnownFileType = sourcecode.swift; path = StreamListHeaderReusableView.swift; sourceTree = "<group>"; };
		94560CF822620774008EE0B1 /* StreamListHeaderReusableView.xib */ = {isa = PBXFileReference; lastKnownFileType = file.xib; path = StreamListHeaderReusableView.xib; sourceTree = "<group>"; };
		94560CFC22621299008EE0B1 /* ItemListVC.swift */ = {isa = PBXFileReference; lastKnownFileType = sourcecode.swift; path = ItemListVC.swift; sourceTree = "<group>"; };
		94560CFD22621299008EE0B1 /* ItemListVC.xib */ = {isa = PBXFileReference; lastKnownFileType = file.xib; path = ItemListVC.xib; sourceTree = "<group>"; };
		94560D0222621BAE008EE0B1 /* StreamCVCell.xib */ = {isa = PBXFileReference; lastKnownFileType = file.xib; path = StreamCVCell.xib; sourceTree = "<group>"; };
		94560D0822621C77008EE0B1 /* CategoryCVCell.xib */ = {isa = PBXFileReference; lastKnownFileType = file.xib; path = CategoryCVCell.xib; sourceTree = "<group>"; };
		94560D0B22621D38008EE0B1 /* GenreListVC.swift */ = {isa = PBXFileReference; lastKnownFileType = sourcecode.swift; path = GenreListVC.swift; sourceTree = "<group>"; };
		94560D0D2262229A008EE0B1 /* CatergoryListVC.swift */ = {isa = PBXFileReference; lastKnownFileType = sourcecode.swift; path = CatergoryListVC.swift; sourceTree = "<group>"; };
		94560D1822624123008EE0B1 /* FailableDecodable.swift */ = {isa = PBXFileReference; lastKnownFileType = sourcecode.swift; path = FailableDecodable.swift; sourceTree = "<group>"; };
		946ECECD2266749C001E44ED /* StreamSource.swift */ = {isa = PBXFileReference; lastKnownFileType = sourcecode.swift; path = StreamSource.swift; sourceTree = "<group>"; };
		946ECED0226675B6001E44ED /* SettingsService.swift */ = {isa = PBXFileReference; lastKnownFileType = sourcecode.swift; path = SettingsService.swift; sourceTree = "<group>"; };
		946ECED8226683E9001E44ED /* en */ = {isa = PBXFileReference; lastKnownFileType = text.plist.strings; name = en; path = en.lproj/Localizable.strings; sourceTree = "<group>"; };
		946ECEDA22668406001E44ED /* ru */ = {isa = PBXFileReference; lastKnownFileType = text.plist.strings; name = ru; path = ru.lproj/Localizable.strings; sourceTree = "<group>"; };
		949330E72182707100B29B0D /* MSGG.app */ = {isa = PBXFileReference; explicitFileType = wrapper.application; includeInIndex = 0; path = MSGG.app; sourceTree = BUILT_PRODUCTS_DIR; };
		949330EA2182707100B29B0D /* AppDelegate.swift */ = {isa = PBXFileReference; lastKnownFileType = sourcecode.swift; path = AppDelegate.swift; sourceTree = "<group>"; };
		949330EC2182707100B29B0D /* StreamListVC.swift */ = {isa = PBXFileReference; lastKnownFileType = sourcecode.swift; path = StreamListVC.swift; sourceTree = "<group>"; };
		949330EF2182707100B29B0D /* Base */ = {isa = PBXFileReference; lastKnownFileType = file.storyboard; name = Base; path = Base.lproj/Main.storyboard; sourceTree = "<group>"; };
		949330F12182707200B29B0D /* Assets.xcassets */ = {isa = PBXFileReference; lastKnownFileType = folder.assetcatalog; path = Assets.xcassets; sourceTree = "<group>"; };
		949330F32182707200B29B0D /* Info.plist */ = {isa = PBXFileReference; lastKnownFileType = text.plist.xml; path = Info.plist; sourceTree = "<group>"; };
		949E9F91225D2F0A00E6182E /* Stream.swift */ = {isa = PBXFileReference; lastKnownFileType = sourcecode.swift; path = Stream.swift; sourceTree = "<group>"; };
		949E9F93225D311900E6182E /* Stream+GoodGame.swift */ = {isa = PBXFileReference; lastKnownFileType = sourcecode.swift; path = "Stream+GoodGame.swift"; sourceTree = "<group>"; };
		94B60B9E225CB7F20099A4DA /* StreamVC.swift */ = {isa = PBXFileReference; lastKnownFileType = sourcecode.swift; path = StreamVC.swift; sourceTree = "<group>"; };
		94B60BC1225D09FC0099A4DA /* BaseAPIService.swift */ = {isa = PBXFileReference; lastKnownFileType = sourcecode.swift; path = BaseAPIService.swift; sourceTree = "<group>"; };
		94B60BC3225D0BF60099A4DA /* APIConstants.swift */ = {isa = PBXFileReference; lastKnownFileType = sourcecode.swift; path = APIConstants.swift; sourceTree = "<group>"; };
		94B60BC5225D0E0C0099A4DA /* APIServiceError.swift */ = {isa = PBXFileReference; lastKnownFileType = sourcecode.swift; path = APIServiceError.swift; sourceTree = "<group>"; };
		94D4CA672263EA45004BE0E7 /* AppAppearance.swift */ = {isa = PBXFileReference; lastKnownFileType = sourcecode.swift; path = AppAppearance.swift; sourceTree = "<group>"; };
		94D7E7412263BE5C00A7784A /* BaseCollectionVC.swift */ = {isa = PBXFileReference; lastKnownFileType = sourcecode.swift; path = BaseCollectionVC.swift; sourceTree = "<group>"; };
		94D7E7432263C8FF00A7784A /* StreamerCVCell.xib */ = {isa = PBXFileReference; fileEncoding = 4; lastKnownFileType = file.xib; path = StreamerCVCell.xib; sourceTree = "<group>"; };
		94D7E7442263C8FF00A7784A /* StreamerCVCell.swift */ = {isa = PBXFileReference; fileEncoding = 4; lastKnownFileType = sourcecode.swift; path = StreamerCVCell.swift; sourceTree = "<group>"; };
		94D7E7472263D06200A7784A /* TitleHeaderReusableView.xib */ = {isa = PBXFileReference; fileEncoding = 4; lastKnownFileType = file.xib; path = TitleHeaderReusableView.xib; sourceTree = "<group>"; };
		94D7E7482263D06200A7784A /* TitleHeaderReusableView.swift */ = {isa = PBXFileReference; fileEncoding = 4; lastKnownFileType = sourcecode.swift; path = TitleHeaderReusableView.swift; sourceTree = "<group>"; };
		94D83C26225E94620014C5A3 /* StreamQuality.swift */ = {isa = PBXFileReference; lastKnownFileType = sourcecode.swift; path = StreamQuality.swift; sourceTree = "<group>"; };
		94D83C28225F46DB0014C5A3 /* FavoritesService.swift */ = {isa = PBXFileReference; lastKnownFileType = sourcecode.swift; path = FavoritesService.swift; sourceTree = "<group>"; };
		94EB7685225DEECB00297DCD /* PlayerView.swift */ = {isa = PBXFileReference; lastKnownFileType = sourcecode.swift; path = PlayerView.swift; sourceTree = "<group>"; };
		94EB768B225DF04C00297DCD /* VCFactory.swift */ = {isa = PBXFileReference; lastKnownFileType = sourcecode.swift; path = VCFactory.swift; sourceTree = "<group>"; };
		94EB768D225DF1EB00297DCD /* SharedComponents.swift */ = {isa = PBXFileReference; lastKnownFileType = sourcecode.swift; path = SharedComponents.swift; sourceTree = "<group>"; };
		94EB768F225E1BCC00297DCD /* PlayerControlButton.swift */ = {isa = PBXFileReference; lastKnownFileType = sourcecode.swift; path = PlayerControlButton.swift; sourceTree = "<group>"; };
		94F07D7122651B0600601036 /* TopShelf.appex */ = {isa = PBXFileReference; explicitFileType = "wrapper.app-extension"; includeInIndex = 0; path = TopShelf.appex; sourceTree = BUILT_PRODUCTS_DIR; };
		94F07D7222651B0600601036 /* TVServices.framework */ = {isa = PBXFileReference; lastKnownFileType = wrapper.framework; name = TVServices.framework; path = System/Library/Frameworks/TVServices.framework; sourceTree = SDKROOT; };
		94F07D7522651B0600601036 /* ServiceProvider.swift */ = {isa = PBXFileReference; lastKnownFileType = sourcecode.swift; path = ServiceProvider.swift; sourceTree = "<group>"; };
		94F07D7722651B0600601036 /* Info.plist */ = {isa = PBXFileReference; lastKnownFileType = text.plist.xml; path = Info.plist; sourceTree = "<group>"; };
		94F07D8A22653ADC00601036 /* MSGG.entitlements */ = {isa = PBXFileReference; lastKnownFileType = text.plist.entitlements; path = MSGG.entitlements; sourceTree = "<group>"; };
		94F07D8B22654FA100601036 /* TopShelf.entitlements */ = {isa = PBXFileReference; lastKnownFileType = text.plist.entitlements; path = TopShelf.entitlements; sourceTree = "<group>"; };
		C4166786C982B32460A4A2B4 /* Pods-MSGG.debug.xcconfig */ = {isa = PBXFileReference; includeInIndex = 1; lastKnownFileType = text.xcconfig; name = "Pods-MSGG.debug.xcconfig"; path = "Target Support Files/Pods-MSGG/Pods-MSGG.debug.xcconfig"; sourceTree = "<group>"; };
		E15BD812B24168C6EAA03E06 /* Pods-MSGG.release.xcconfig */ = {isa = PBXFileReference; includeInIndex = 1; lastKnownFileType = text.xcconfig; name = "Pods-MSGG.release.xcconfig"; path = "Target Support Files/Pods-MSGG/Pods-MSGG.release.xcconfig"; sourceTree = "<group>"; };
		E5932B0EA0D85ED4B3980DD7 /* Pods_MSGG.framework */ = {isa = PBXFileReference; explicitFileType = wrapper.framework; includeInIndex = 0; path = Pods_MSGG.framework; sourceTree = BUILT_PRODUCTS_DIR; };
/* End PBXFileReference section */

/* Begin PBXFrameworksBuildPhase section */
		949330E42182707100B29B0D /* Frameworks */ = {
			isa = PBXFrameworksBuildPhase;
			buildActionMask = 2147483647;
			files = (
				A4895CD43B8A98EBE93CF4D3 /* Pods_MSGG.framework in Frameworks */,
			);
			runOnlyForDeploymentPostprocessing = 0;
		};
		94F07D6E22651B0600601036 /* Frameworks */ = {
			isa = PBXFrameworksBuildPhase;
			buildActionMask = 2147483647;
			files = (
				94F07D7322651B0600601036 /* TVServices.framework in Frameworks */,
			);
			runOnlyForDeploymentPostprocessing = 0;
		};
/* End PBXFrameworksBuildPhase section */

/* Begin PBXGroup section */
		0E4C44A4D037EDC8F8074746 /* Frameworks */ = {
			isa = PBXGroup;
			children = (
				E5932B0EA0D85ED4B3980DD7 /* Pods_MSGG.framework */,
				94F07D7222651B0600601036 /* TVServices.framework */,
			);
			name = Frameworks;
			sourceTree = "<group>";
		};
		811EA64F672E2D8648D066E2 /* Pods */ = {
			isa = PBXGroup;
			children = (
				C4166786C982B32460A4A2B4 /* Pods-MSGG.debug.xcconfig */,
				E15BD812B24168C6EAA03E06 /* Pods-MSGG.release.xcconfig */,
			);
			path = Pods;
			sourceTree = "<group>";
		};
		942D426F2261494C006AF281 /* Games and Genres */ = {
			isa = PBXGroup;
			children = (
				942D427022614962006AF281 /* Views */,
				94560D0D2262229A008EE0B1 /* CatergoryListVC.swift */,
				942D427322614A31006AF281 /* GameListVC.swift */,
				94560D0B22621D38008EE0B1 /* GenreListVC.swift */,
			);
			path = "Games and Genres";
			sourceTree = "<group>";
		};
		942D427022614962006AF281 /* Views */ = {
			isa = PBXGroup;
			children = (
				942D4271226149B2006AF281 /* CategoryCVCell.swift */,
				94560D0822621C77008EE0B1 /* CategoryCVCell.xib */,
			);
			path = Views;
			sourceTree = "<group>";
		};
		94336FEB21866350000E8491 /* Screens */ = {
			isa = PBXGroup;
			children = (
				94560CFB22621272008EE0B1 /* Common */,
				94336FEC21866359000E8491 /* StreamList */,
				942D426F2261494C006AF281 /* Games and Genres */,
				94B60B9D225CB76C0099A4DA /* Stream */,
				94EB768B225DF04C00297DCD /* VCFactory.swift */,
				94D4CA672263EA45004BE0E7 /* AppAppearance.swift */,
			);
			path = Screens;
			sourceTree = "<group>";
		};
		94336FEC21866359000E8491 /* StreamList */ = {
			isa = PBXGroup;
			children = (
				94336FED21866368000E8491 /* Views */,
				949330EC2182707100B29B0D /* StreamListVC.swift */,
				9415A26E22639445007D2F82 /* FavoriteListVC.swift */,
			);
			path = StreamList;
			sourceTree = "<group>";
		};
		94336FED21866368000E8491 /* Views */ = {
			isa = PBXGroup;
			children = (
				94336FEE21866392000E8491 /* ClassicStreamCVCell.swift */,
				9439C395225FEF02001E55EB /* StreamCVCell.swift */,
				94560D0222621BAE008EE0B1 /* StreamCVCell.xib */,
				94D7E7442263C8FF00A7784A /* StreamerCVCell.swift */,
				94D7E7432263C8FF00A7784A /* StreamerCVCell.xib */,
			);
			path = Views;
			sourceTree = "<group>";
		};
		94418EED224D01FB007614DD /* Model */ = {
			isa = PBXGroup;
			children = (
				949E9F91225D2F0A00E6182E /* Stream.swift */,
				94418EEE224D0210007614DD /* GoodGame.swift */,
				949E9F93225D311900E6182E /* Stream+GoodGame.swift */,
				94D83C26225E94620014C5A3 /* StreamQuality.swift */,
				946ECECD2266749C001E44ED /* StreamSource.swift */,
			);
			path = Model;
			sourceTree = "<group>";
		};
		94418EF4224D091C007614DD /* Services */ = {
			isa = PBXGroup;
			children = (
				94D83C2A225F47720014C5A3 /* API */,
				94D83C2B225F47850014C5A3 /* Favorites */,
				942D426D2261262B006AF281 /* UserDefaultsKeys.swift */,
				946ECED0226675B6001E44ED /* SettingsService.swift */,
				9408B4F82265FDEE00172B0E /* Logger.swift */,
			);
			path = Services;
			sourceTree = "<group>";
		};
		94560CFB22621272008EE0B1 /* Common */ = {
			isa = PBXGroup;
			children = (
				94560D0022621B7C008EE0B1 /* Views */,
				94D7E7412263BE5C00A7784A /* BaseCollectionVC.swift */,
				94560CFC22621299008EE0B1 /* ItemListVC.swift */,
				94560CFD22621299008EE0B1 /* ItemListVC.xib */,
			);
			path = Common;
			sourceTree = "<group>";
		};
		94560D0022621B7C008EE0B1 /* Views */ = {
			isa = PBXGroup;
			children = (
				94560CF722620774008EE0B1 /* StreamListHeaderReusableView.swift */,
				94560CF822620774008EE0B1 /* StreamListHeaderReusableView.xib */,
				94D7E7482263D06200A7784A /* TitleHeaderReusableView.swift */,
				94D7E7472263D06200A7784A /* TitleHeaderReusableView.xib */,
			);
			path = Views;
			sourceTree = "<group>";
		};
		94560D1722624103008EE0B1 /* Common */ = {
			isa = PBXGroup;
			children = (
				94560D1822624123008EE0B1 /* FailableDecodable.swift */,
			);
			path = Common;
			sourceTree = "<group>";
		};
		949330DE2182707100B29B0D = {
			isa = PBXGroup;
			children = (
				949330E92182707100B29B0D /* MSGG */,
				94F07D7422651B0600601036 /* TopShelf */,
				949330E82182707100B29B0D /* Products */,
				811EA64F672E2D8648D066E2 /* Pods */,
				0E4C44A4D037EDC8F8074746 /* Frameworks */,
			);
			sourceTree = "<group>";
		};
		949330E82182707100B29B0D /* Products */ = {
			isa = PBXGroup;
			children = (
				949330E72182707100B29B0D /* MSGG.app */,
				94F07D7122651B0600601036 /* TopShelf.appex */,
			);
			name = Products;
			sourceTree = "<group>";
		};
		949330E92182707100B29B0D /* MSGG */ = {
			isa = PBXGroup;
			children = (
				94F07D8A22653ADC00601036 /* MSGG.entitlements */,
				94560D1722624103008EE0B1 /* Common */,
				94418EED224D01FB007614DD /* Model */,
				94418EF4224D091C007614DD /* Services */,
				94336FEB21866350000E8491 /* Screens */,
				949330EA2182707100B29B0D /* AppDelegate.swift */,
				94EB768D225DF1EB00297DCD /* SharedComponents.swift */,
				949330EE2182707100B29B0D /* Main.storyboard */,
				949330F12182707200B29B0D /* Assets.xcassets */,
				949330F32182707200B29B0D /* Info.plist */,
				946ECED9226683E9001E44ED /* Localizable.strings */,
			);
			path = MSGG;
			sourceTree = "<group>";
		};
		94B60B9D225CB76C0099A4DA /* Stream */ = {
			isa = PBXGroup;
			children = (
				94EB7684225DEEB700297DCD /* Views */,
				94B60B9E225CB7F20099A4DA /* StreamVC.swift */,
			);
			path = Stream;
			sourceTree = "<group>";
		};
		94D83C2A225F47720014C5A3 /* API */ = {
			isa = PBXGroup;
			children = (
				94B60BC3225D0BF60099A4DA /* APIConstants.swift */,
				94B60BC5225D0E0C0099A4DA /* APIServiceError.swift */,
				94B60BC1225D09FC0099A4DA /* BaseAPIService.swift */,
				94418EF5224D0951007614DD /* StreamsService.swift */,
				942D427522614B17006AF281 /* CategoriesService.swift */,
			);
			path = API;
			sourceTree = "<group>";
		};
		94D83C2B225F47850014C5A3 /* Favorites */ = {
			isa = PBXGroup;
			children = (
				94D83C28225F46DB0014C5A3 /* FavoritesService.swift */,
			);
			path = Favorites;
			sourceTree = "<group>";
		};
		94EB7684225DEEB700297DCD /* Views */ = {
			isa = PBXGroup;
			children = (
				94EB7685225DEECB00297DCD /* PlayerView.swift */,
				94EB768F225E1BCC00297DCD /* PlayerControlButton.swift */,
			);
			path = Views;
			sourceTree = "<group>";
		};
		94F07D7422651B0600601036 /* TopShelf */ = {
			isa = PBXGroup;
			children = (
				94F07D8B22654FA100601036 /* TopShelf.entitlements */,
				94F07D7522651B0600601036 /* ServiceProvider.swift */,
				94F07D7722651B0600601036 /* Info.plist */,
			);
			path = TopShelf;
			sourceTree = "<group>";
		};
/* End PBXGroup section */

/* Begin PBXNativeTarget section */
		949330E62182707100B29B0D /* MSGG */ = {
			isa = PBXNativeTarget;
			buildConfigurationList = 949330F62182707200B29B0D /* Build configuration list for PBXNativeTarget "MSGG" */;
			buildPhases = (
				74709018F0F57A880BCF776F /* [CP] Check Pods Manifest.lock */,
				949330E32182707100B29B0D /* Sources */,
				949330E42182707100B29B0D /* Frameworks */,
				949330E52182707100B29B0D /* Resources */,
				DA56E4F478950FDFDD3BFDE4 /* [CP] Embed Pods Frameworks */,
				94F07D7E22651B0600601036 /* Embed App Extensions */,
			);
			buildRules = (
			);
			dependencies = (
				94F07D7922651B0600601036 /* PBXTargetDependency */,
			);
			name = MSGG;
			productName = MSGG;
			productReference = 949330E72182707100B29B0D /* MSGG.app */;
			productType = "com.apple.product-type.application";
		};
		94F07D7022651B0600601036 /* TopShelf */ = {
			isa = PBXNativeTarget;
			buildConfigurationList = 94F07D7D22651B0600601036 /* Build configuration list for PBXNativeTarget "TopShelf" */;
			buildPhases = (
				94F07D6D22651B0600601036 /* Sources */,
				94F07D6E22651B0600601036 /* Frameworks */,
				94F07D6F22651B0600601036 /* Resources */,
			);
			buildRules = (
			);
			dependencies = (
			);
			name = TopShelf;
			productName = TopShelf;
			productReference = 94F07D7122651B0600601036 /* TopShelf.appex */;
			productType = "com.apple.product-type.tv-app-extension";
		};
/* End PBXNativeTarget section */

/* Begin PBXProject section */
		949330DF2182707100B29B0D /* Project object */ = {
			isa = PBXProject;
			attributes = {
				LastSwiftUpdateCheck = 1020;
				LastUpgradeCheck = 1000;
				ORGANIZATIONNAME = MaximSolovyov;
				TargetAttributes = {
					949330E62182707100B29B0D = {
						CreatedOnToolsVersion = 10.0;
						SystemCapabilities = {
							com.apple.ApplicationGroups.iOS = {
								enabled = 1;
							};
						};
					};
					94F07D7022651B0600601036 = {
						CreatedOnToolsVersion = 10.2;
						SystemCapabilities = {
							com.apple.ApplicationGroups.iOS = {
								enabled = 1;
							};
						};
					};
				};
			};
			buildConfigurationList = 949330E22182707100B29B0D /* Build configuration list for PBXProject "MSGG" */;
			compatibilityVersion = "Xcode 9.3";
			developmentRegion = en;
			hasScannedForEncodings = 0;
			knownRegions = (
				en,
				Base,
				ru,
			);
			mainGroup = 949330DE2182707100B29B0D;
			productRefGroup = 949330E82182707100B29B0D /* Products */;
			projectDirPath = "";
			projectRoot = "";
			targets = (
				949330E62182707100B29B0D /* MSGG */,
				94F07D7022651B0600601036 /* TopShelf */,
			);
		};
/* End PBXProject section */

/* Begin PBXResourcesBuildPhase section */
		949330E52182707100B29B0D /* Resources */ = {
			isa = PBXResourcesBuildPhase;
			buildActionMask = 2147483647;
			files = (
				94560CFA22620774008EE0B1 /* StreamListHeaderReusableView.xib in Resources */,
				949330F22182707200B29B0D /* Assets.xcassets in Resources */,
				94560D0A22621C77008EE0B1 /* CategoryCVCell.xib in Resources */,
				949330F02182707100B29B0D /* Main.storyboard in Resources */,
				94560CFF22621299008EE0B1 /* ItemListVC.xib in Resources */,
				94D7E7492263D06200A7784A /* TitleHeaderReusableView.xib in Resources */,
				94560D0422621BAE008EE0B1 /* StreamCVCell.xib in Resources */,
				94D7E7452263C8FF00A7784A /* StreamerCVCell.xib in Resources */,
				946ECED7226683E9001E44ED /* Localizable.strings in Resources */,
			);
			runOnlyForDeploymentPostprocessing = 0;
		};
		94F07D6F22651B0600601036 /* Resources */ = {
			isa = PBXResourcesBuildPhase;
			buildActionMask = 2147483647;
			files = (
				946ECEDB22668609001E44ED /* Localizable.strings in Resources */,
			);
			runOnlyForDeploymentPostprocessing = 0;
		};
/* End PBXResourcesBuildPhase section */

/* Begin PBXShellScriptBuildPhase section */
		74709018F0F57A880BCF776F /* [CP] Check Pods Manifest.lock */ = {
			isa = PBXShellScriptBuildPhase;
			buildActionMask = 2147483647;
			files = (
			);
			inputFileListPaths = (
			);
			inputPaths = (
				"${PODS_PODFILE_DIR_PATH}/Podfile.lock",
				"${PODS_ROOT}/Manifest.lock",
			);
			name = "[CP] Check Pods Manifest.lock";
			outputFileListPaths = (
			);
			outputPaths = (
				"$(DERIVED_FILE_DIR)/Pods-MSGG-checkManifestLockResult.txt",
			);
			runOnlyForDeploymentPostprocessing = 0;
			shellPath = /bin/sh;
			shellScript = "diff \"${PODS_PODFILE_DIR_PATH}/Podfile.lock\" \"${PODS_ROOT}/Manifest.lock\" > /dev/null\nif [ $? != 0 ] ; then\n    # print error to STDERR\n    echo \"error: The sandbox is not in sync with the Podfile.lock. Run 'pod install' or update your CocoaPods installation.\" >&2\n    exit 1\nfi\n# This output is used by Xcode 'outputs' to avoid re-running this script phase.\necho \"SUCCESS\" > \"${SCRIPT_OUTPUT_FILE_0}\"\n";
			showEnvVarsInLog = 0;
		};
		DA56E4F478950FDFDD3BFDE4 /* [CP] Embed Pods Frameworks */ = {
			isa = PBXShellScriptBuildPhase;
			buildActionMask = 2147483647;
			files = (
			);
			inputFileListPaths = (
			);
			inputPaths = (
				"${PODS_ROOT}/Target Support Files/Pods-MSGG/Pods-MSGG-frameworks.sh",
				"${BUILT_PRODUCTS_DIR}/MarqueeLabel/MarqueeLabel.framework",
				"${BUILT_PRODUCTS_DIR}/SDWebImage/SDWebImage.framework",
			);
			name = "[CP] Embed Pods Frameworks";
			outputFileListPaths = (
			);
			outputPaths = (
				"${TARGET_BUILD_DIR}/${FRAMEWORKS_FOLDER_PATH}/MarqueeLabel.framework",
				"${TARGET_BUILD_DIR}/${FRAMEWORKS_FOLDER_PATH}/SDWebImage.framework",
			);
			runOnlyForDeploymentPostprocessing = 0;
			shellPath = /bin/sh;
			shellScript = "\"${PODS_ROOT}/Target Support Files/Pods-MSGG/Pods-MSGG-frameworks.sh\"\n";
			showEnvVarsInLog = 0;
		};
/* End PBXShellScriptBuildPhase section */

/* Begin PBXSourcesBuildPhase section */
		949330E32182707100B29B0D /* Sources */ = {
			isa = PBXSourcesBuildPhase;
			buildActionMask = 2147483647;
			files = (
				94560D0C22621D38008EE0B1 /* GenreListVC.swift in Sources */,
				9408B4F92265FDEE00172B0E /* Logger.swift in Sources */,
				94560D0E2262229A008EE0B1 /* CatergoryListVC.swift in Sources */,
				949330ED2182707100B29B0D /* StreamListVC.swift in Sources */,
				946ECECE2266749C001E44ED /* StreamSource.swift in Sources */,
				946ECED1226675B6001E44ED /* SettingsService.swift in Sources */,
				949330EB2182707100B29B0D /* AppDelegate.swift in Sources */,
				9415A26F22639445007D2F82 /* FavoriteListVC.swift in Sources */,
				94336FEF21866392000E8491 /* ClassicStreamCVCell.swift in Sources */,
				94EB7686225DEECB00297DCD /* PlayerView.swift in Sources */,
				942D427622614B17006AF281 /* CategoriesService.swift in Sources */,
				94418EF6224D0951007614DD /* StreamsService.swift in Sources */,
				94B60BC4225D0BF60099A4DA /* APIConstants.swift in Sources */,
				94560CFE22621299008EE0B1 /* ItemListVC.swift in Sources */,
				9439C396225FEF02001E55EB /* StreamCVCell.swift in Sources */,
				94EB7690225E1BCC00297DCD /* PlayerControlButton.swift in Sources */,
				94D7E74A2263D06200A7784A /* TitleHeaderReusableView.swift in Sources */,
				949E9F92225D2F0A00E6182E /* Stream.swift in Sources */,
				94D83C27225E94620014C5A3 /* StreamQuality.swift in Sources */,
				94D83C29225F46DB0014C5A3 /* FavoritesService.swift in Sources */,
				94560CF922620774008EE0B1 /* StreamListHeaderReusableView.swift in Sources */,
				94418EEF224D0210007614DD /* GoodGame.swift in Sources */,
				94D7E7422263BE5C00A7784A /* BaseCollectionVC.swift in Sources */,
				94B60BC2225D09FC0099A4DA /* BaseAPIService.swift in Sources */,
				942D427422614A31006AF281 /* GameListVC.swift in Sources */,
				949E9F94225D311900E6182E /* Stream+GoodGame.swift in Sources */,
				942D4272226149B2006AF281 /* CategoryCVCell.swift in Sources */,
				94EB768E225DF1EB00297DCD /* SharedComponents.swift in Sources */,
				942D426E2261262B006AF281 /* UserDefaultsKeys.swift in Sources */,
				94B60B9F225CB7F20099A4DA /* StreamVC.swift in Sources */,
				94B60BC6225D0E0C0099A4DA /* APIServiceError.swift in Sources */,
				94D7E7462263C8FF00A7784A /* StreamerCVCell.swift in Sources */,
				94EB768C225DF04C00297DCD /* VCFactory.swift in Sources */,
				94560D1922624123008EE0B1 /* FailableDecodable.swift in Sources */,
				94D4CA682263EA45004BE0E7 /* AppAppearance.swift in Sources */,
			);
			runOnlyForDeploymentPostprocessing = 0;
		};
		94F07D6D22651B0600601036 /* Sources */ = {
			isa = PBXSourcesBuildPhase;
			buildActionMask = 2147483647;
			files = (
				94F07D812265377C00601036 /* APIConstants.swift in Sources */,
				94F07D822265377C00601036 /* APIServiceError.swift in Sources */,
				94F07D7622651B0600601036 /* ServiceProvider.swift in Sources */,
				94F07D862265378C00601036 /* Stream+GoodGame.swift in Sources */,
				94F07D802265375200601036 /* StreamsService.swift in Sources */,
				94F07D882265379900601036 /* FailableDecodable.swift in Sources */,
				94F07D852265378C00601036 /* GoodGame.swift in Sources */,
				94F07D7F2265373A00601036 /* FavoritesService.swift in Sources */,
				946ECECF226674A0001E44ED /* StreamSource.swift in Sources */,
				94F07D89226537B500601036 /* UserDefaultsKeys.swift in Sources */,
				9408B4FA2265FDF600172B0E /* Logger.swift in Sources */,
				94F07D872265378C00601036 /* StreamQuality.swift in Sources */,
				94F07D832265377C00601036 /* BaseAPIService.swift in Sources */,
				94F07D842265378C00601036 /* Stream.swift in Sources */,
			);
			runOnlyForDeploymentPostprocessing = 0;
		};
/* End PBXSourcesBuildPhase section */

/* Begin PBXTargetDependency section */
		94F07D7922651B0600601036 /* PBXTargetDependency */ = {
			isa = PBXTargetDependency;
			target = 94F07D7022651B0600601036 /* TopShelf */;
			targetProxy = 94F07D7822651B0600601036 /* PBXContainerItemProxy */;
		};
/* End PBXTargetDependency section */

/* Begin PBXVariantGroup section */
		946ECED9226683E9001E44ED /* Localizable.strings */ = {
			isa = PBXVariantGroup;
			children = (
				946ECED8226683E9001E44ED /* en */,
				946ECEDA22668406001E44ED /* ru */,
			);
			name = Localizable.strings;
			sourceTree = "<group>";
		};
		949330EE2182707100B29B0D /* Main.storyboard */ = {
			isa = PBXVariantGroup;
			children = (
				949330EF2182707100B29B0D /* Base */,
			);
			name = Main.storyboard;
			sourceTree = "<group>";
		};
/* End PBXVariantGroup section */

/* Begin XCBuildConfiguration section */
		949330F42182707200B29B0D /* Debug */ = {
			isa = XCBuildConfiguration;
			buildSettings = {
				ALWAYS_SEARCH_USER_PATHS = NO;
				CLANG_ANALYZER_LOCALIZABILITY_NONLOCALIZED = YES;
				CLANG_ANALYZER_NONNULL = YES;
				CLANG_ANALYZER_NUMBER_OBJECT_CONVERSION = YES_AGGRESSIVE;
				CLANG_CXX_LANGUAGE_STANDARD = "gnu++14";
				CLANG_CXX_LIBRARY = "libc++";
				CLANG_ENABLE_MODULES = YES;
				CLANG_ENABLE_OBJC_ARC = YES;
				CLANG_ENABLE_OBJC_WEAK = YES;
				CLANG_WARN_BLOCK_CAPTURE_AUTORELEASING = YES;
				CLANG_WARN_BOOL_CONVERSION = YES;
				CLANG_WARN_COMMA = YES;
				CLANG_WARN_CONSTANT_CONVERSION = YES;
				CLANG_WARN_DEPRECATED_OBJC_IMPLEMENTATIONS = YES;
				CLANG_WARN_DIRECT_OBJC_ISA_USAGE = YES_ERROR;
				CLANG_WARN_DOCUMENTATION_COMMENTS = YES;
				CLANG_WARN_EMPTY_BODY = YES;
				CLANG_WARN_ENUM_CONVERSION = YES;
				CLANG_WARN_INFINITE_RECURSION = YES;
				CLANG_WARN_INT_CONVERSION = YES;
				CLANG_WARN_NON_LITERAL_NULL_CONVERSION = YES;
				CLANG_WARN_OBJC_IMPLICIT_RETAIN_SELF = YES;
				CLANG_WARN_OBJC_LITERAL_CONVERSION = YES;
				CLANG_WARN_OBJC_ROOT_CLASS = YES_ERROR;
				CLANG_WARN_RANGE_LOOP_ANALYSIS = YES;
				CLANG_WARN_STRICT_PROTOTYPES = YES;
				CLANG_WARN_SUSPICIOUS_MOVE = YES;
				CLANG_WARN_UNGUARDED_AVAILABILITY = YES_AGGRESSIVE;
				CLANG_WARN_UNREACHABLE_CODE = YES;
				CLANG_WARN__DUPLICATE_METHOD_MATCH = YES;
				COPY_PHASE_STRIP = NO;
				DEBUG_INFORMATION_FORMAT = dwarf;
				ENABLE_STRICT_OBJC_MSGSEND = YES;
				ENABLE_TESTABILITY = YES;
				GCC_C_LANGUAGE_STANDARD = gnu11;
				GCC_DYNAMIC_NO_PIC = NO;
				GCC_NO_COMMON_BLOCKS = YES;
				GCC_OPTIMIZATION_LEVEL = 0;
				GCC_PREPROCESSOR_DEFINITIONS = (
					"DEBUG=1",
					"$(inherited)",
				);
				GCC_WARN_64_TO_32_BIT_CONVERSION = YES;
				GCC_WARN_ABOUT_RETURN_TYPE = YES_ERROR;
				GCC_WARN_UNDECLARED_SELECTOR = YES;
				GCC_WARN_UNINITIALIZED_AUTOS = YES_AGGRESSIVE;
				GCC_WARN_UNUSED_FUNCTION = YES;
				GCC_WARN_UNUSED_VARIABLE = YES;
				MTL_ENABLE_DEBUG_INFO = INCLUDE_SOURCE;
				MTL_FAST_MATH = YES;
				ONLY_ACTIVE_ARCH = YES;
				SDKROOT = appletvos;
				SWIFT_ACTIVE_COMPILATION_CONDITIONS = DEBUG;
				SWIFT_OPTIMIZATION_LEVEL = "-Onone";
				TVOS_DEPLOYMENT_TARGET = 12.0;
			};
			name = Debug;
		};
		949330F52182707200B29B0D /* Release */ = {
			isa = XCBuildConfiguration;
			buildSettings = {
				ALWAYS_SEARCH_USER_PATHS = NO;
				CLANG_ANALYZER_LOCALIZABILITY_NONLOCALIZED = YES;
				CLANG_ANALYZER_NONNULL = YES;
				CLANG_ANALYZER_NUMBER_OBJECT_CONVERSION = YES_AGGRESSIVE;
				CLANG_CXX_LANGUAGE_STANDARD = "gnu++14";
				CLANG_CXX_LIBRARY = "libc++";
				CLANG_ENABLE_MODULES = YES;
				CLANG_ENABLE_OBJC_ARC = YES;
				CLANG_ENABLE_OBJC_WEAK = YES;
				CLANG_WARN_BLOCK_CAPTURE_AUTORELEASING = YES;
				CLANG_WARN_BOOL_CONVERSION = YES;
				CLANG_WARN_COMMA = YES;
				CLANG_WARN_CONSTANT_CONVERSION = YES;
				CLANG_WARN_DEPRECATED_OBJC_IMPLEMENTATIONS = YES;
				CLANG_WARN_DIRECT_OBJC_ISA_USAGE = YES_ERROR;
				CLANG_WARN_DOCUMENTATION_COMMENTS = YES;
				CLANG_WARN_EMPTY_BODY = YES;
				CLANG_WARN_ENUM_CONVERSION = YES;
				CLANG_WARN_INFINITE_RECURSION = YES;
				CLANG_WARN_INT_CONVERSION = YES;
				CLANG_WARN_NON_LITERAL_NULL_CONVERSION = YES;
				CLANG_WARN_OBJC_IMPLICIT_RETAIN_SELF = YES;
				CLANG_WARN_OBJC_LITERAL_CONVERSION = YES;
				CLANG_WARN_OBJC_ROOT_CLASS = YES_ERROR;
				CLANG_WARN_RANGE_LOOP_ANALYSIS = YES;
				CLANG_WARN_STRICT_PROTOTYPES = YES;
				CLANG_WARN_SUSPICIOUS_MOVE = YES;
				CLANG_WARN_UNGUARDED_AVAILABILITY = YES_AGGRESSIVE;
				CLANG_WARN_UNREACHABLE_CODE = YES;
				CLANG_WARN__DUPLICATE_METHOD_MATCH = YES;
				COPY_PHASE_STRIP = NO;
				DEBUG_INFORMATION_FORMAT = "dwarf-with-dsym";
				ENABLE_NS_ASSERTIONS = NO;
				ENABLE_STRICT_OBJC_MSGSEND = YES;
				GCC_C_LANGUAGE_STANDARD = gnu11;
				GCC_NO_COMMON_BLOCKS = YES;
				GCC_WARN_64_TO_32_BIT_CONVERSION = YES;
				GCC_WARN_ABOUT_RETURN_TYPE = YES_ERROR;
				GCC_WARN_UNDECLARED_SELECTOR = YES;
				GCC_WARN_UNINITIALIZED_AUTOS = YES_AGGRESSIVE;
				GCC_WARN_UNUSED_FUNCTION = YES;
				GCC_WARN_UNUSED_VARIABLE = YES;
				MTL_ENABLE_DEBUG_INFO = NO;
				MTL_FAST_MATH = YES;
				SDKROOT = appletvos;
				SWIFT_COMPILATION_MODE = wholemodule;
				SWIFT_OPTIMIZATION_LEVEL = "-O";
				TVOS_DEPLOYMENT_TARGET = 12.0;
				VALIDATE_PRODUCT = YES;
			};
			name = Release;
		};
		949330F72182707200B29B0D /* Debug */ = {
			isa = XCBuildConfiguration;
			baseConfigurationReference = C4166786C982B32460A4A2B4 /* Pods-MSGG.debug.xcconfig */;
			buildSettings = {
				ALWAYS_EMBED_SWIFT_STANDARD_LIBRARIES = YES;
				ASSETCATALOG_COMPILER_APPICON_NAME = "App Icon & Top Shelf Image";
				ASSETCATALOG_COMPILER_LAUNCHIMAGE_NAME = LaunchImage;
				CODE_SIGN_ENTITLEMENTS = MSGG/MSGG.entitlements;
				CODE_SIGN_STYLE = Automatic;
				DEVELOPMENT_TEAM = UHB2EZ956C;
				INFOPLIST_FILE = MSGG/Info.plist;
				LD_RUNPATH_SEARCH_PATHS = (
					"$(inherited)",
					"@executable_path/Frameworks",
				);
				PRODUCT_BUNDLE_IDENTIFIER = com.ms.MSGG2;
				PRODUCT_NAME = "$(TARGET_NAME)";
				SWIFT_VERSION = 4.2;
				TARGETED_DEVICE_FAMILY = 3;
			};
			name = Debug;
		};
		949330F82182707200B29B0D /* Release */ = {
			isa = XCBuildConfiguration;
			baseConfigurationReference = E15BD812B24168C6EAA03E06 /* Pods-MSGG.release.xcconfig */;
			buildSettings = {
				ALWAYS_EMBED_SWIFT_STANDARD_LIBRARIES = YES;
				ASSETCATALOG_COMPILER_APPICON_NAME = "App Icon & Top Shelf Image";
				ASSETCATALOG_COMPILER_LAUNCHIMAGE_NAME = LaunchImage;
				CODE_SIGN_ENTITLEMENTS = MSGG/MSGG.entitlements;
				CODE_SIGN_STYLE = Automatic;
				DEVELOPMENT_TEAM = UHB2EZ956C;
				INFOPLIST_FILE = MSGG/Info.plist;
				LD_RUNPATH_SEARCH_PATHS = (
					"$(inherited)",
					"@executable_path/Frameworks",
				);
				PRODUCT_BUNDLE_IDENTIFIER = com.ms.MSGG2;
				PRODUCT_NAME = "$(TARGET_NAME)";
				SWIFT_VERSION = 4.2;
				TARGETED_DEVICE_FAMILY = 3;
			};
			name = Release;
		};
		94F07D7B22651B0600601036 /* Debug */ = {
			isa = XCBuildConfiguration;
			buildSettings = {
				CODE_SIGN_ENTITLEMENTS = TopShelf/TopShelf.entitlements;
				CODE_SIGN_STYLE = Automatic;
				DEVELOPMENT_TEAM = UHB2EZ956C;
				INFOPLIST_FILE = TopShelf/Info.plist;
				LD_RUNPATH_SEARCH_PATHS = (
					"$(inherited)",
					"@executable_path/Frameworks",
					"@executable_path/../../Frameworks",
				);
				PRODUCT_BUNDLE_IDENTIFIER = com.ms.MSGG2.TopShelf;
				PRODUCT_NAME = "$(TARGET_NAME)";
				SKIP_INSTALL = YES;
				SWIFT_VERSION = 5.0;
				TARGETED_DEVICE_FAMILY = 3;
				TVOS_DEPLOYMENT_TARGET = 12.2;
			};
			name = Debug;
		};
		94F07D7C22651B0600601036 /* Release */ = {
			isa = XCBuildConfiguration;
			buildSettings = {
				CODE_SIGN_ENTITLEMENTS = TopShelf/TopShelf.entitlements;
				CODE_SIGN_STYLE = Automatic;
				DEVELOPMENT_TEAM = UHB2EZ956C;
				INFOPLIST_FILE = TopShelf/Info.plist;
				LD_RUNPATH_SEARCH_PATHS = (
					"$(inherited)",
					"@executable_path/Frameworks",
					"@executable_path/../../Frameworks",
				);
				PRODUCT_BUNDLE_IDENTIFIER = com.ms.MSGG2.TopShelf;
				PRODUCT_NAME = "$(TARGET_NAME)";
				SKIP_INSTALL = YES;
				SWIFT_VERSION = 5.0;
				TARGETED_DEVICE_FAMILY = 3;
				TVOS_DEPLOYMENT_TARGET = 12.2;
			};
			name = Release;
		};
/* End XCBuildConfiguration section */

/* Begin XCConfigurationList section */
		949330E22182707100B29B0D /* Build configuration list for PBXProject "MSGG" */ = {
			isa = XCConfigurationList;
			buildConfigurations = (
				949330F42182707200B29B0D /* Debug */,
				949330F52182707200B29B0D /* Release */,
			);
			defaultConfigurationIsVisible = 0;
			defaultConfigurationName = Release;
		};
		949330F62182707200B29B0D /* Build configuration list for PBXNativeTarget "MSGG" */ = {
			isa = XCConfigurationList;
			buildConfigurations = (
				949330F72182707200B29B0D /* Debug */,
				949330F82182707200B29B0D /* Release */,
			);
			defaultConfigurationIsVisible = 0;
			defaultConfigurationName = Release;
		};
		94F07D7D22651B0600601036 /* Build configuration list for PBXNativeTarget "TopShelf" */ = {
			isa = XCConfigurationList;
			buildConfigurations = (
				94F07D7B22651B0600601036 /* Debug */,
				94F07D7C22651B0600601036 /* Release */,
			);
			defaultConfigurationIsVisible = 0;
			defaultConfigurationName = Release;
		};
/* End XCConfigurationList section */
	};
	rootObject = 949330DF2182707100B29B0D /* Project object */;
}
